
Microsoft Visual Studio Solution File, Format Version 12.00
# Visual Studio Version 16
VisualStudioVersion = 16.0.31112.23
MinimumVisualStudioVersion = 10.0.40219.1
Project("{2150E333-8FDC-42A3-9474-1A3956D46DE8}") = "Structural", "Structural", "{46469832-4D44-4018-9D5C-247E6793C6B0}"
	ProjectSection(SolutionItems) = preProject
		StructuralSummary.md = StructuralSummary.md
	EndProjectSection
EndProject
Project("{2150E333-8FDC-42A3-9474-1A3956D46DE8}") = "Behavioral", "Behavioral", "{F08D0594-0285-4EA7-B717-5A18B7A541C8}"
	ProjectSection(SolutionItems) = preProject
		BehavioralSummary.md = BehavioralSummary.md
	EndProjectSection
EndProject
Project("{9A19103F-16F7-4668-BE54-9A1E7A4F7556}") = "Memento", "Behavioral\Memento\Memento.csproj", "{DD8F69A3-0A65-46E5-B5B8-6E1C627F5CE2}"
EndProject
Project("{9A19103F-16F7-4668-BE54-9A1E7A4F7556}") = "State", "Behavioral\State\State.csproj", "{BE025FB4-27F3-4AD0-B014-76B1BA45DF64}"
EndProject
Project("{9A19103F-16F7-4668-BE54-9A1E7A4F7556}") = "Iterator", "Behavioral\Iterator\Iterator.csproj", "{FF854B32-8CFF-48F9-B67B-89FF7F1E17C3}"
EndProject
Project("{9A19103F-16F7-4668-BE54-9A1E7A4F7556}") = "Strategy", "Behavioral\Strategy\Strategy.csproj", "{7837EDE8-FD7E-4344-BAAA-602F7AA86CB6}"
EndProject
Project("{9A19103F-16F7-4668-BE54-9A1E7A4F7556}") = "TemplateMethod", "Behavioral\TemplateMethod\TemplateMethod.csproj", "{DCBEA19D-8707-4614-BF51-9EC68515C414}"
EndProject
Project("{FAE04EC0-301F-11D3-BF4B-00C04F79EFBC}") = "Command", "Behavioral\Command\Command.csproj", "{605D71EC-CF7A-4357-9679-39563474E9C1}"
EndProject
Project("{FAE04EC0-301F-11D3-BF4B-00C04F79EFBC}") = "Observer", "Behavioral\Observer\Observer.csproj", "{E0165D56-D2BE-4034-9A29-F1178B870147}"
EndProject
Project("{FAE04EC0-301F-11D3-BF4B-00C04F79EFBC}") = "Mediator", "Behavioral\Mediator\Mediator.csproj", "{7CDFD31F-9AF7-4E09-BE96-2BFD36B4D8BE}"
EndProject
Project("{FAE04EC0-301F-11D3-BF4B-00C04F79EFBC}") = "ChainOfResponsibility", "Behavioral\ChainOfResponsibility\ChainOfResponsibility.csproj", "{6F249E8A-6061-4DFB-93E0-8FB086A06F9D}"
EndProject
Project("{FAE04EC0-301F-11D3-BF4B-00C04F79EFBC}") = "Visitor", "Behavioral\Visitor\Visitor.csproj", "{77C10FE7-3839-4DE3-A7C7-10CD6A603FF3}"
EndProject
Project("{FAE04EC0-301F-11D3-BF4B-00C04F79EFBC}") = "Composite", "Structural\Composite\Composite.csproj", "{9C597B92-9BDE-420D-B4BE-3DFA6576B454}"
EndProject
Project("{FAE04EC0-301F-11D3-BF4B-00C04F79EFBC}") = "Adapter", "Structural\Adapter\Adapter.csproj", "{34AC3A9E-1D4D-432B-91C3-75E513AB2A21}"
EndProject
Project("{FAE04EC0-301F-11D3-BF4B-00C04F79EFBC}") = "Decorator", "Structural\Decorator\Decorator.csproj", "{F2A4CC99-1DDD-43F6-A61B-7549DC355992}"
EndProject
Project("{FAE04EC0-301F-11D3-BF4B-00C04F79EFBC}") = "Facade", "Structural\Facade\Facade.csproj", "{38078A7A-AFCB-4384-AAD6-E1F7F0073CE4}"
EndProject
Project("{FAE04EC0-301F-11D3-BF4B-00C04F79EFBC}") = "Flyweight", "Structural\Flyweight\Flyweight.csproj", "{06AC6A69-C3AD-41A8-BDD8-285FDF940A69}"
EndProject
Project("{FAE04EC0-301F-11D3-BF4B-00C04F79EFBC}") = "Bridge", "Structural\Bridge\Bridge.csproj", "{6C05AF1E-6625-40B8-86D3-824AD6EE0ABD}"
EndProject
Project("{FAE04EC0-301F-11D3-BF4B-00C04F79EFBC}") = "Proxy", "Structural\Proxy\Proxy.csproj", "{A4F4D8E2-39D5-4ED9-AE80-579F37ECCB17}"
EndProject
Project("{2150E333-8FDC-42A3-9474-1A3956D46DE8}") = "Creational", "Creational", "{C143247C-B6AE-4B5F-8DD3-D6C3E7EB1D7A}"
EndProject
Project("{FAE04EC0-301F-11D3-BF4B-00C04F79EFBC}") = "FactoryMethod", "Creational\FactoryMethod\FactoryMethod.csproj", "{9FF16254-949B-4F67-9424-8379B721217E}"
EndProject
Project("{FAE04EC0-301F-11D3-BF4B-00C04F79EFBC}") = "AbstractFactory", "Creational\AbstractFactory\AbstractFactory.csproj", "{EDFBDDD7-67ED-412A-926A-902596B27E64}"
EndProject
Project("{FAE04EC0-301F-11D3-BF4B-00C04F79EFBC}") = "Builder", "Creational\Builder\Builder.csproj", "{843B76D8-FA61-43F6-99CC-F0245ED73A16}"
EndProject
Project("{FAE04EC0-301F-11D3-BF4B-00C04F79EFBC}") = "Singleton", "Creational\Singleton\Singleton.csproj", "{D80C6ADC-7D60-4808-ADC2-4B868FF882D6}"
EndProject
Project("{FAE04EC0-301F-11D3-BF4B-00C04F79EFBC}") = "Prototype", "Creational\Prototype\Prototype.csproj", "{FA0D5D05-D19D-460C-99E9-7C7BD7C7E2A3}"
EndProject
Global
	GlobalSection(SolutionConfigurationPlatforms) = preSolution
		Debug|Any CPU = Debug|Any CPU
		Release|Any CPU = Release|Any CPU
	EndGlobalSection
	GlobalSection(ProjectConfigurationPlatforms) = postSolution
		{DD8F69A3-0A65-46E5-B5B8-6E1C627F5CE2}.Debug|Any CPU.ActiveCfg = Debug|Any CPU
		{DD8F69A3-0A65-46E5-B5B8-6E1C627F5CE2}.Debug|Any CPU.Build.0 = Debug|Any CPU
		{DD8F69A3-0A65-46E5-B5B8-6E1C627F5CE2}.Release|Any CPU.ActiveCfg = Release|Any CPU
		{DD8F69A3-0A65-46E5-B5B8-6E1C627F5CE2}.Release|Any CPU.Build.0 = Release|Any CPU
		{BE025FB4-27F3-4AD0-B014-76B1BA45DF64}.Debug|Any CPU.ActiveCfg = Debug|Any CPU
		{BE025FB4-27F3-4AD0-B014-76B1BA45DF64}.Debug|Any CPU.Build.0 = Debug|Any CPU
		{BE025FB4-27F3-4AD0-B014-76B1BA45DF64}.Release|Any CPU.ActiveCfg = Release|Any CPU
		{BE025FB4-27F3-4AD0-B014-76B1BA45DF64}.Release|Any CPU.Build.0 = Release|Any CPU
		{FF854B32-8CFF-48F9-B67B-89FF7F1E17C3}.Debug|Any CPU.ActiveCfg = Debug|Any CPU
		{FF854B32-8CFF-48F9-B67B-89FF7F1E17C3}.Debug|Any CPU.Build.0 = Debug|Any CPU
		{FF854B32-8CFF-48F9-B67B-89FF7F1E17C3}.Release|Any CPU.ActiveCfg = Release|Any CPU
		{FF854B32-8CFF-48F9-B67B-89FF7F1E17C3}.Release|Any CPU.Build.0 = Release|Any CPU
		{7837EDE8-FD7E-4344-BAAA-602F7AA86CB6}.Debug|Any CPU.ActiveCfg = Debug|Any CPU
		{7837EDE8-FD7E-4344-BAAA-602F7AA86CB6}.Debug|Any CPU.Build.0 = Debug|Any CPU
		{7837EDE8-FD7E-4344-BAAA-602F7AA86CB6}.Release|Any CPU.ActiveCfg = Release|Any CPU
		{7837EDE8-FD7E-4344-BAAA-602F7AA86CB6}.Release|Any CPU.Build.0 = Release|Any CPU
		{DCBEA19D-8707-4614-BF51-9EC68515C414}.Debug|Any CPU.ActiveCfg = Debug|Any CPU
		{DCBEA19D-8707-4614-BF51-9EC68515C414}.Debug|Any CPU.Build.0 = Debug|Any CPU
		{DCBEA19D-8707-4614-BF51-9EC68515C414}.Release|Any CPU.ActiveCfg = Release|Any CPU
		{DCBEA19D-8707-4614-BF51-9EC68515C414}.Release|Any CPU.Build.0 = Release|Any CPU
		{605D71EC-CF7A-4357-9679-39563474E9C1}.Debug|Any CPU.ActiveCfg = Debug|Any CPU
		{605D71EC-CF7A-4357-9679-39563474E9C1}.Debug|Any CPU.Build.0 = Debug|Any CPU
		{605D71EC-CF7A-4357-9679-39563474E9C1}.Release|Any CPU.ActiveCfg = Release|Any CPU
		{605D71EC-CF7A-4357-9679-39563474E9C1}.Release|Any CPU.Build.0 = Release|Any CPU
		{E0165D56-D2BE-4034-9A29-F1178B870147}.Debug|Any CPU.ActiveCfg = Debug|Any CPU
		{E0165D56-D2BE-4034-9A29-F1178B870147}.Debug|Any CPU.Build.0 = Debug|Any CPU
		{E0165D56-D2BE-4034-9A29-F1178B870147}.Release|Any CPU.ActiveCfg = Release|Any CPU
		{E0165D56-D2BE-4034-9A29-F1178B870147}.Release|Any CPU.Build.0 = Release|Any CPU
		{7CDFD31F-9AF7-4E09-BE96-2BFD36B4D8BE}.Debug|Any CPU.ActiveCfg = Debug|Any CPU
		{7CDFD31F-9AF7-4E09-BE96-2BFD36B4D8BE}.Debug|Any CPU.Build.0 = Debug|Any CPU
		{7CDFD31F-9AF7-4E09-BE96-2BFD36B4D8BE}.Release|Any CPU.ActiveCfg = Release|Any CPU
		{7CDFD31F-9AF7-4E09-BE96-2BFD36B4D8BE}.Release|Any CPU.Build.0 = Release|Any CPU
		{6F249E8A-6061-4DFB-93E0-8FB086A06F9D}.Debug|Any CPU.ActiveCfg = Debug|Any CPU
		{6F249E8A-6061-4DFB-93E0-8FB086A06F9D}.Debug|Any CPU.Build.0 = Debug|Any CPU
		{6F249E8A-6061-4DFB-93E0-8FB086A06F9D}.Release|Any CPU.ActiveCfg = Release|Any CPU
		{6F249E8A-6061-4DFB-93E0-8FB086A06F9D}.Release|Any CPU.Build.0 = Release|Any CPU
		{77C10FE7-3839-4DE3-A7C7-10CD6A603FF3}.Debug|Any CPU.ActiveCfg = Debug|Any CPU
		{77C10FE7-3839-4DE3-A7C7-10CD6A603FF3}.Debug|Any CPU.Build.0 = Debug|Any CPU
		{77C10FE7-3839-4DE3-A7C7-10CD6A603FF3}.Release|Any CPU.ActiveCfg = Release|Any CPU
		{77C10FE7-3839-4DE3-A7C7-10CD6A603FF3}.Release|Any CPU.Build.0 = Release|Any CPU
		{9C597B92-9BDE-420D-B4BE-3DFA6576B454}.Debug|Any CPU.ActiveCfg = Debug|Any CPU
		{9C597B92-9BDE-420D-B4BE-3DFA6576B454}.Debug|Any CPU.Build.0 = Debug|Any CPU
		{9C597B92-9BDE-420D-B4BE-3DFA6576B454}.Release|Any CPU.ActiveCfg = Release|Any CPU
		{9C597B92-9BDE-420D-B4BE-3DFA6576B454}.Release|Any CPU.Build.0 = Release|Any CPU
		{34AC3A9E-1D4D-432B-91C3-75E513AB2A21}.Debug|Any CPU.ActiveCfg = Debug|Any CPU
		{34AC3A9E-1D4D-432B-91C3-75E513AB2A21}.Debug|Any CPU.Build.0 = Debug|Any CPU
		{34AC3A9E-1D4D-432B-91C3-75E513AB2A21}.Release|Any CPU.ActiveCfg = Release|Any CPU
		{34AC3A9E-1D4D-432B-91C3-75E513AB2A21}.Release|Any CPU.Build.0 = Release|Any CPU
		{F2A4CC99-1DDD-43F6-A61B-7549DC355992}.Debug|Any CPU.ActiveCfg = Debug|Any CPU
		{F2A4CC99-1DDD-43F6-A61B-7549DC355992}.Debug|Any CPU.Build.0 = Debug|Any CPU
		{F2A4CC99-1DDD-43F6-A61B-7549DC355992}.Release|Any CPU.ActiveCfg = Release|Any CPU
		{F2A4CC99-1DDD-43F6-A61B-7549DC355992}.Release|Any CPU.Build.0 = Release|Any CPU
		{38078A7A-AFCB-4384-AAD6-E1F7F0073CE4}.Debug|Any CPU.ActiveCfg = Debug|Any CPU
		{38078A7A-AFCB-4384-AAD6-E1F7F0073CE4}.Debug|Any CPU.Build.0 = Debug|Any CPU
		{38078A7A-AFCB-4384-AAD6-E1F7F0073CE4}.Release|Any CPU.ActiveCfg = Release|Any CPU
		{38078A7A-AFCB-4384-AAD6-E1F7F0073CE4}.Release|Any CPU.Build.0 = Release|Any CPU
		{06AC6A69-C3AD-41A8-BDD8-285FDF940A69}.Debug|Any CPU.ActiveCfg = Debug|Any CPU
		{06AC6A69-C3AD-41A8-BDD8-285FDF940A69}.Debug|Any CPU.Build.0 = Debug|Any CPU
		{06AC6A69-C3AD-41A8-BDD8-285FDF940A69}.Release|Any CPU.ActiveCfg = Release|Any CPU
		{06AC6A69-C3AD-41A8-BDD8-285FDF940A69}.Release|Any CPU.Build.0 = Release|Any CPU
		{6C05AF1E-6625-40B8-86D3-824AD6EE0ABD}.Debug|Any CPU.ActiveCfg = Debug|Any CPU
		{6C05AF1E-6625-40B8-86D3-824AD6EE0ABD}.Debug|Any CPU.Build.0 = Debug|Any CPU
		{6C05AF1E-6625-40B8-86D3-824AD6EE0ABD}.Release|Any CPU.ActiveCfg = Release|Any CPU
		{6C05AF1E-6625-40B8-86D3-824AD6EE0ABD}.Release|Any CPU.Build.0 = Release|Any CPU
		{A4F4D8E2-39D5-4ED9-AE80-579F37ECCB17}.Debug|Any CPU.ActiveCfg = Debug|Any CPU
		{A4F4D8E2-39D5-4ED9-AE80-579F37ECCB17}.Debug|Any CPU.Build.0 = Debug|Any CPU
		{A4F4D8E2-39D5-4ED9-AE80-579F37ECCB17}.Release|Any CPU.ActiveCfg = Release|Any CPU
		{A4F4D8E2-39D5-4ED9-AE80-579F37ECCB17}.Release|Any CPU.Build.0 = Release|Any CPU
		{9FF16254-949B-4F67-9424-8379B721217E}.Debug|Any CPU.ActiveCfg = Debug|Any CPU
		{9FF16254-949B-4F67-9424-8379B721217E}.Debug|Any CPU.Build.0 = Debug|Any CPU
		{9FF16254-949B-4F67-9424-8379B721217E}.Release|Any CPU.ActiveCfg = Release|Any CPU
		{9FF16254-949B-4F67-9424-8379B721217E}.Release|Any CPU.Build.0 = Release|Any CPU
		{EDFBDDD7-67ED-412A-926A-902596B27E64}.Debug|Any CPU.ActiveCfg = Debug|Any CPU
		{EDFBDDD7-67ED-412A-926A-902596B27E64}.Debug|Any CPU.Build.0 = Debug|Any CPU
		{EDFBDDD7-67ED-412A-926A-902596B27E64}.Release|Any CPU.ActiveCfg = Release|Any CPU
		{EDFBDDD7-67ED-412A-926A-902596B27E64}.Release|Any CPU.Build.0 = Release|Any CPU
		{843B76D8-FA61-43F6-99CC-F0245ED73A16}.Debug|Any CPU.ActiveCfg = Debug|Any CPU
		{843B76D8-FA61-43F6-99CC-F0245ED73A16}.Debug|Any CPU.Build.0 = Debug|Any CPU
		{843B76D8-FA61-43F6-99CC-F0245ED73A16}.Release|Any CPU.ActiveCfg = Release|Any CPU
		{843B76D8-FA61-43F6-99CC-F0245ED73A16}.Release|Any CPU.Build.0 = Release|Any CPU
		{D80C6ADC-7D60-4808-ADC2-4B868FF882D6}.Debug|Any CPU.ActiveCfg = Debug|Any CPU
		{D80C6ADC-7D60-4808-ADC2-4B868FF882D6}.Debug|Any CPU.Build.0 = Debug|Any CPU
		{D80C6ADC-7D60-4808-ADC2-4B868FF882D6}.Release|Any CPU.ActiveCfg = Release|Any CPU
		{D80C6ADC-7D60-4808-ADC2-4B868FF882D6}.Release|Any CPU.Build.0 = Release|Any CPU
		{FA0D5D05-D19D-460C-99E9-7C7BD7C7E2A3}.Debug|Any CPU.ActiveCfg = Debug|Any CPU
		{FA0D5D05-D19D-460C-99E9-7C7BD7C7E2A3}.Debug|Any CPU.Build.0 = Debug|Any CPU
		{FA0D5D05-D19D-460C-99E9-7C7BD7C7E2A3}.Release|Any CPU.ActiveCfg = Release|Any CPU
		{FA0D5D05-D19D-460C-99E9-7C7BD7C7E2A3}.Release|Any CPU.Build.0 = Release|Any CPU
	EndGlobalSection
	GlobalSection(SolutionProperties) = preSolution
		HideSolutionNode = FALSE
	EndGlobalSection
	GlobalSection(NestedProjects) = preSolution
		{DD8F69A3-0A65-46E5-B5B8-6E1C627F5CE2} = {F08D0594-0285-4EA7-B717-5A18B7A541C8}
		{BE025FB4-27F3-4AD0-B014-76B1BA45DF64} = {F08D0594-0285-4EA7-B717-5A18B7A541C8}
		{FF854B32-8CFF-48F9-B67B-89FF7F1E17C3} = {F08D0594-0285-4EA7-B717-5A18B7A541C8}
		{7837EDE8-FD7E-4344-BAAA-602F7AA86CB6} = {F08D0594-0285-4EA7-B717-5A18B7A541C8}
		{DCBEA19D-8707-4614-BF51-9EC68515C414} = {F08D0594-0285-4EA7-B717-5A18B7A541C8}
		{605D71EC-CF7A-4357-9679-39563474E9C1} = {F08D0594-0285-4EA7-B717-5A18B7A541C8}
		{E0165D56-D2BE-4034-9A29-F1178B870147} = {F08D0594-0285-4EA7-B717-5A18B7A541C8}
		{7CDFD31F-9AF7-4E09-BE96-2BFD36B4D8BE} = {F08D0594-0285-4EA7-B717-5A18B7A541C8}
		{6F249E8A-6061-4DFB-93E0-8FB086A06F9D} = {F08D0594-0285-4EA7-B717-5A18B7A541C8}
		{77C10FE7-3839-4DE3-A7C7-10CD6A603FF3} = {F08D0594-0285-4EA7-B717-5A18B7A541C8}
		{9C597B92-9BDE-420D-B4BE-3DFA6576B454} = {46469832-4D44-4018-9D5C-247E6793C6B0}
		{34AC3A9E-1D4D-432B-91C3-75E513AB2A21} = {46469832-4D44-4018-9D5C-247E6793C6B0}
		{F2A4CC99-1DDD-43F6-A61B-7549DC355992} = {46469832-4D44-4018-9D5C-247E6793C6B0}
		{38078A7A-AFCB-4384-AAD6-E1F7F0073CE4} = {46469832-4D44-4018-9D5C-247E6793C6B0}
		{06AC6A69-C3AD-41A8-BDD8-285FDF940A69} = {46469832-4D44-4018-9D5C-247E6793C6B0}
		{6C05AF1E-6625-40B8-86D3-824AD6EE0ABD} = {46469832-4D44-4018-9D5C-247E6793C6B0}
		{A4F4D8E2-39D5-4ED9-AE80-579F37ECCB17} = {46469832-4D44-4018-9D5C-247E6793C6B0}
		{9FF16254-949B-4F67-9424-8379B721217E} = {C143247C-B6AE-4B5F-8DD3-D6C3E7EB1D7A}
		{EDFBDDD7-67ED-412A-926A-902596B27E64} = {C143247C-B6AE-4B5F-8DD3-D6C3E7EB1D7A}
		{843B76D8-FA61-43F6-99CC-F0245ED73A16} = {C143247C-B6AE-4B5F-8DD3-D6C3E7EB1D7A}
		{D80C6ADC-7D60-4808-ADC2-4B868FF882D6} = {C143247C-B6AE-4B5F-8DD3-D6C3E7EB1D7A}
		{FA0D5D05-D19D-460C-99E9-7C7BD7C7E2A3} = {C143247C-B6AE-4B5F-8DD3-D6C3E7EB1D7A}
	EndGlobalSection
	GlobalSection(ExtensibilityGlobals) = postSolution
		SolutionGuid = {3FE34D78-D22B-4E5E-BEDB-7E33EA1B06B8}
	EndGlobalSection
EndGlobal
